
Microsoft Visual Studio Solution File, Format Version 12.00
Project("{FAE04EC0-301F-11D3-BF4B-00C04F79EFBC}") = "TicketBooking", "TicketBooking.csproj", "{AD03023A-031A-436C-9286-66F93E07680B}"
EndProject
Global
	GlobalSection(SolutionConfigurationPlatforms) = preSolution
		Debug|Any CPU = Debug|Any CPU
		Release|Any CPU = Release|Any CPU
	EndGlobalSection
	GlobalSection(ProjectConfigurationPlatforms) = postSolution
		{AD03023A-031A-436C-9286-66F93E07680B}.Debug|Any CPU.ActiveCfg = Debug|Any CPU
		{AD03023A-031A-436C-9286-66F93E07680B}.Debug|Any CPU.Build.0 = Debug|Any CPU
		{AD03023A-031A-436C-9286-66F93E07680B}.Release|Any CPU.ActiveCfg = Release|Any CPU
		{AD03023A-031A-436C-9286-66F93E07680B}.Release|Any CPU.Build.0 = Release|Any CPU
	EndGlobalSection
EndGlobal
